// !$*UTF8*$!
{
	archiveVersion = 1;
	classes = {
	};
	objectVersion = 56;
	objects = {

/* Begin PBXBuildFile section */
		A7BF72842BD13A0100ADB27E /* pomodoroTimer Watch App.app in Embed Watch Content */ = {isa = PBXBuildFile; fileRef = A7BF72832BD13A0100ADB27E /* pomodoroTimer Watch App.app */; settings = {ATTRIBUTES = (RemoveHeadersOnCopy, ); }; };
		A7BF72892BD13A0100ADB27E /* pomodoroTimerApp.swift in Sources */ = {isa = PBXBuildFile; fileRef = A7BF72882BD13A0100ADB27E /* pomodoroTimerApp.swift */; };
		A7BF728B2BD13A0100ADB27E /* ContentView.swift in Sources */ = {isa = PBXBuildFile; fileRef = A7BF728A2BD13A0100ADB27E /* ContentView.swift */; };
		A7BF728D2BD13A0400ADB27E /* Assets.xcassets in Resources */ = {isa = PBXBuildFile; fileRef = A7BF728C2BD13A0400ADB27E /* Assets.xcassets */; };
		A7BF72902BD13A0400ADB27E /* Preview Assets.xcassets in Resources */ = {isa = PBXBuildFile; fileRef = A7BF728F2BD13A0400ADB27E /* Preview Assets.xcassets */; };
		A7BF729C2BD1430C00ADB27E /* TimerView.swift in Sources */ = {isa = PBXBuildFile; fileRef = A7BF729B2BD1430C00ADB27E /* TimerView.swift */; };
		A7BF729F2BD1647F00ADB27E /* TimerViewModel.swift in Sources */ = {isa = PBXBuildFile; fileRef = A7BF729E2BD1647F00ADB27E /* TimerViewModel.swift */; };
/* End PBXBuildFile section */

/* Begin PBXContainerItemProxy section */
		A7BF72852BD13A0100ADB27E /* PBXContainerItemProxy */ = {
			isa = PBXContainerItemProxy;
			containerPortal = A7BF72772BD13A0100ADB27E /* Project object */;
			proxyType = 1;
			remoteGlobalIDString = A7BF72822BD13A0100ADB27E;
			remoteInfo = "pomodoroTimer Watch App";
		};
/* End PBXContainerItemProxy section */

/* Begin PBXCopyFilesBuildPhase section */
		A7BF72962BD13A0400ADB27E /* Embed Watch Content */ = {
			isa = PBXCopyFilesBuildPhase;
			buildActionMask = 2147483647;
			dstPath = "$(CONTENTS_FOLDER_PATH)/Watch";
			dstSubfolderSpec = 16;
			files = (
				A7BF72842BD13A0100ADB27E /* pomodoroTimer Watch App.app in Embed Watch Content */,
			);
			name = "Embed Watch Content";
			runOnlyForDeploymentPostprocessing = 0;
		};
/* End PBXCopyFilesBuildPhase section */

/* Begin PBXFileReference section */
		A7BF727D2BD13A0100ADB27E /* pomodoroTimer.app */ = {isa = PBXFileReference; explicitFileType = wrapper.application; includeInIndex = 0; path = pomodoroTimer.app; sourceTree = BUILT_PRODUCTS_DIR; };
		A7BF72832BD13A0100ADB27E /* pomodoroTimer Watch App.app */ = {isa = PBXFileReference; explicitFileType = wrapper.application; includeInIndex = 0; path = "pomodoroTimer Watch App.app"; sourceTree = BUILT_PRODUCTS_DIR; };
		A7BF72882BD13A0100ADB27E /* pomodoroTimerApp.swift */ = {isa = PBXFileReference; lastKnownFileType = sourcecode.swift; path = pomodoroTimerApp.swift; sourceTree = "<group>"; };
		A7BF728A2BD13A0100ADB27E /* ContentView.swift */ = {isa = PBXFileReference; lastKnownFileType = sourcecode.swift; path = ContentView.swift; sourceTree = "<group>"; };
		A7BF728C2BD13A0400ADB27E /* Assets.xcassets */ = {isa = PBXFileReference; lastKnownFileType = folder.assetcatalog; path = Assets.xcassets; sourceTree = "<group>"; };
		A7BF728F2BD13A0400ADB27E /* Preview Assets.xcassets */ = {isa = PBXFileReference; lastKnownFileType = folder.assetcatalog; path = "Preview Assets.xcassets"; sourceTree = "<group>"; };
		A7BF729B2BD1430C00ADB27E /* TimerView.swift */ = {isa = PBXFileReference; lastKnownFileType = sourcecode.swift; path = TimerView.swift; sourceTree = "<group>"; };
		A7BF729E2BD1647F00ADB27E /* TimerViewModel.swift */ = {isa = PBXFileReference; lastKnownFileType = sourcecode.swift; path = TimerViewModel.swift; sourceTree = "<group>"; };
/* End PBXFileReference section */

/* Begin PBXFrameworksBuildPhase section */
		A7BF72802BD13A0100ADB27E /* Frameworks */ = {
			isa = PBXFrameworksBuildPhase;
			buildActionMask = 2147483647;
			files = (
			);
			runOnlyForDeploymentPostprocessing = 0;
		};
/* End PBXFrameworksBuildPhase section */

/* Begin PBXGroup section */
		A7BF72762BD13A0100ADB27E = {
			isa = PBXGroup;
			children = (
				A7BF72872BD13A0100ADB27E /* pomodoroTimer Watch App */,
				A7BF727E2BD13A0100ADB27E /* Products */,
			);
			sourceTree = "<group>";
		};
		A7BF727E2BD13A0100ADB27E /* Products */ = {
			isa = PBXGroup;
			children = (
				A7BF727D2BD13A0100ADB27E /* pomodoroTimer.app */,
				A7BF72832BD13A0100ADB27E /* pomodoroTimer Watch App.app */,
			);
			name = Products;
			sourceTree = "<group>";
		};
		A7BF72872BD13A0100ADB27E /* pomodoroTimer Watch App */ = {
			isa = PBXGroup;
			children = (
				A7BF729A2BD142F800ADB27E /* Timer */,
				A7BF72882BD13A0100ADB27E /* pomodoroTimerApp.swift */,
				A7BF728A2BD13A0100ADB27E /* ContentView.swift */,
				A7BF728C2BD13A0400ADB27E /* Assets.xcassets */,
				A7BF728E2BD13A0400ADB27E /* Preview Content */,
			);
			path = "pomodoroTimer Watch App";
			sourceTree = "<group>";
		};
		A7BF728E2BD13A0400ADB27E /* Preview Content */ = {
			isa = PBXGroup;
			children = (
				A7BF728F2BD13A0400ADB27E /* Preview Assets.xcassets */,
			);
			path = "Preview Content";
			sourceTree = "<group>";
		};
		A7BF729A2BD142F800ADB27E /* Timer */ = {
			isa = PBXGroup;
			children = (
				A7BF729B2BD1430C00ADB27E /* TimerView.swift */,
				A7BF729E2BD1647F00ADB27E /* TimerViewModel.swift */,
			);
			path = Timer;
			sourceTree = "<group>";
		};
/* End PBXGroup section */

/* Begin PBXNativeTarget section */
		A7BF727C2BD13A0100ADB27E /* pomodoroTimer */ = {
			isa = PBXNativeTarget;
			buildConfigurationList = A7BF72972BD13A0400ADB27E /* Build configuration list for PBXNativeTarget "pomodoroTimer" */;
			buildPhases = (
				A7BF727B2BD13A0100ADB27E /* Resources */,
				A7BF72962BD13A0400ADB27E /* Embed Watch Content */,
			);
			buildRules = (
			);
			dependencies = (
				A7BF72862BD13A0100ADB27E /* PBXTargetDependency */,
			);
			name = pomodoroTimer;
			productName = pomodoroTimer;
			productReference = A7BF727D2BD13A0100ADB27E /* pomodoroTimer.app */;
			productType = "com.apple.product-type.application.watchapp2-container";
		};
		A7BF72822BD13A0100ADB27E /* pomodoroTimer Watch App */ = {
			isa = PBXNativeTarget;
			buildConfigurationList = A7BF72932BD13A0400ADB27E /* Build configuration list for PBXNativeTarget "pomodoroTimer Watch App" */;
			buildPhases = (
				A7BF727F2BD13A0100ADB27E /* Sources */,
				A7BF72802BD13A0100ADB27E /* Frameworks */,
				A7BF72812BD13A0100ADB27E /* Resources */,
			);
			buildRules = (
			);
			dependencies = (
			);
			name = "pomodoroTimer Watch App";
			productName = "pomodoroTimer Watch App";
			productReference = A7BF72832BD13A0100ADB27E /* pomodoroTimer Watch App.app */;
			productType = "com.apple.product-type.application";
		};
/* End PBXNativeTarget section */

/* Begin PBXProject section */
		A7BF72772BD13A0100ADB27E /* Project object */ = {
			isa = PBXProject;
			attributes = {
				BuildIndependentTargetsInParallel = 1;
				LastSwiftUpdateCheck = 1530;
				LastUpgradeCheck = 1530;
				TargetAttributes = {
					A7BF727C2BD13A0100ADB27E = {
						CreatedOnToolsVersion = 15.3;
					};
					A7BF72822BD13A0100ADB27E = {
						CreatedOnToolsVersion = 15.3;
					};
				};
			};
			buildConfigurationList = A7BF727A2BD13A0100ADB27E /* Build configuration list for PBXProject "pomodoroTimer" */;
			compatibilityVersion = "Xcode 14.0";
			developmentRegion = en;
			hasScannedForEncodings = 0;
			knownRegions = (
				en,
				Base,
			);
			mainGroup = A7BF72762BD13A0100ADB27E;
			productRefGroup = A7BF727E2BD13A0100ADB27E /* Products */;
			projectDirPath = "";
			projectRoot = "";
			targets = (
				A7BF727C2BD13A0100ADB27E /* pomodoroTimer */,
				A7BF72822BD13A0100ADB27E /* pomodoroTimer Watch App */,
			);
		};
/* End PBXProject section */

/* Begin PBXResourcesBuildPhase section */
		A7BF727B2BD13A0100ADB27E /* Resources */ = {
			isa = PBXResourcesBuildPhase;
			buildActionMask = 2147483647;
			files = (
			);
			runOnlyForDeploymentPostprocessing = 0;
		};
		A7BF72812BD13A0100ADB27E /* Resources */ = {
			isa = PBXResourcesBuildPhase;
			buildActionMask = 2147483647;
			files = (
				A7BF72902BD13A0400ADB27E /* Preview Assets.xcassets in Resources */,
				A7BF728D2BD13A0400ADB27E /* Assets.xcassets in Resources */,
			);
			runOnlyForDeploymentPostprocessing = 0;
		};
/* End PBXResourcesBuildPhase section */

/* Begin PBXSourcesBuildPhase section */
		A7BF727F2BD13A0100ADB27E /* Sources */ = {
			isa = PBXSourcesBuildPhase;
			buildActionMask = 2147483647;
			files = (
				A7BF729F2BD1647F00ADB27E /* TimerViewModel.swift in Sources */,
				A7BF729C2BD1430C00ADB27E /* TimerView.swift in Sources */,
				A7BF728B2BD13A0100ADB27E /* ContentView.swift in Sources */,
				A7BF72892BD13A0100ADB27E /* pomodoroTimerApp.swift in Sources */,
			);
			runOnlyForDeploymentPostprocessing = 0;
		};
/* End PBXSourcesBuildPhase section */

/* Begin PBXTargetDependency section */
		A7BF72862BD13A0100ADB27E /* PBXTargetDependency */ = {
			isa = PBXTargetDependency;
			target = A7BF72822BD13A0100ADB27E /* pomodoroTimer Watch App */;
			targetProxy = A7BF72852BD13A0100ADB27E /* PBXContainerItemProxy */;
		};
/* End PBXTargetDependency section */

/* Begin XCBuildConfiguration section */
		A7BF72912BD13A0400ADB27E /* Debug */ = {
			isa = XCBuildConfiguration;
			buildSettings = {
				ALWAYS_SEARCH_USER_PATHS = NO;
				ASSETCATALOG_COMPILER_GENERATE_SWIFT_ASSET_SYMBOL_EXTENSIONS = YES;
				CLANG_ANALYZER_NONNULL = YES;
				CLANG_ANALYZER_NUMBER_OBJECT_CONVERSION = YES_AGGRESSIVE;
				CLANG_CXX_LANGUAGE_STANDARD = "gnu++20";
				CLANG_ENABLE_MODULES = YES;
				CLANG_ENABLE_OBJC_ARC = YES;
				CLANG_ENABLE_OBJC_WEAK = YES;
				CLANG_WARN_BLOCK_CAPTURE_AUTORELEASING = YES;
				CLANG_WARN_BOOL_CONVERSION = YES;
				CLANG_WARN_COMMA = YES;
				CLANG_WARN_CONSTANT_CONVERSION = YES;
				CLANG_WARN_DEPRECATED_OBJC_IMPLEMENTATIONS = YES;
				CLANG_WARN_DIRECT_OBJC_ISA_USAGE = YES_ERROR;
				CLANG_WARN_DOCUMENTATION_COMMENTS = YES;
				CLANG_WARN_EMPTY_BODY = YES;
				CLANG_WARN_ENUM_CONVERSION = YES;
				CLANG_WARN_INFINITE_RECURSION = YES;
				CLANG_WARN_INT_CONVERSION = YES;
				CLANG_WARN_NON_LITERAL_NULL_CONVERSION = YES;
				CLANG_WARN_OBJC_IMPLICIT_RETAIN_SELF = YES;
				CLANG_WARN_OBJC_LITERAL_CONVERSION = YES;
				CLANG_WARN_OBJC_ROOT_CLASS = YES_ERROR;
				CLANG_WARN_QUOTED_INCLUDE_IN_FRAMEWORK_HEADER = YES;
				CLANG_WARN_RANGE_LOOP_ANALYSIS = YES;
				CLANG_WARN_STRICT_PROTOTYPES = YES;
				CLANG_WARN_SUSPICIOUS_MOVE = YES;
				CLANG_WARN_UNGUARDED_AVAILABILITY = YES_AGGRESSIVE;
				CLANG_WARN_UNREACHABLE_CODE = YES;
				CLANG_WARN__DUPLICATE_METHOD_MATCH = YES;
				COPY_PHASE_STRIP = NO;
				DEBUG_INFORMATION_FORMAT = dwarf;
				ENABLE_STRICT_OBJC_MSGSEND = YES;
				ENABLE_TESTABILITY = YES;
				ENABLE_USER_SCRIPT_SANDBOXING = YES;
				GCC_C_LANGUAGE_STANDARD = gnu17;
				GCC_DYNAMIC_NO_PIC = NO;
				GCC_NO_COMMON_BLOCKS = YES;
				GCC_OPTIMIZATION_LEVEL = 0;
				GCC_PREPROCESSOR_DEFINITIONS = (
					"DEBUG=1",
					"$(inherited)",
				);
				GCC_WARN_64_TO_32_BIT_CONVERSION = YES;
				GCC_WARN_ABOUT_RETURN_TYPE = YES_ERROR;
				GCC_WARN_UNDECLARED_SELECTOR = YES;
				GCC_WARN_UNINITIALIZED_AUTOS = YES_AGGRESSIVE;
				GCC_WARN_UNUSED_FUNCTION = YES;
				GCC_WARN_UNUSED_VARIABLE = YES;
				LOCALIZATION_PREFERS_STRING_CATALOGS = YES;
				MTL_ENABLE_DEBUG_INFO = INCLUDE_SOURCE;
				MTL_FAST_MATH = YES;
				ONLY_ACTIVE_ARCH = YES;
				SWIFT_ACTIVE_COMPILATION_CONDITIONS = "DEBUG $(inherited)";
				SWIFT_OPTIMIZATION_LEVEL = "-Onone";
			};
			name = Debug;
		};
		A7BF72922BD13A0400ADB27E /* Release */ = {
			isa = XCBuildConfiguration;
			buildSettings = {
				ALWAYS_SEARCH_USER_PATHS = NO;
				ASSETCATALOG_COMPILER_GENERATE_SWIFT_ASSET_SYMBOL_EXTENSIONS = YES;
				CLANG_ANALYZER_NONNULL = YES;
				CLANG_ANALYZER_NUMBER_OBJECT_CONVERSION = YES_AGGRESSIVE;
				CLANG_CXX_LANGUAGE_STANDARD = "gnu++20";
				CLANG_ENABLE_MODULES = YES;
				CLANG_ENABLE_OBJC_ARC = YES;
				CLANG_ENABLE_OBJC_WEAK = YES;
				CLANG_WARN_BLOCK_CAPTURE_AUTORELEASING = YES;
				CLANG_WARN_BOOL_CONVERSION = YES;
				CLANG_WARN_COMMA = YES;
				CLANG_WARN_CONSTANT_CONVERSION = YES;
				CLANG_WARN_DEPRECATED_OBJC_IMPLEMENTATIONS = YES;
				CLANG_WARN_DIRECT_OBJC_ISA_USAGE = YES_ERROR;
				CLANG_WARN_DOCUMENTATION_COMMENTS = YES;
				CLANG_WARN_EMPTY_BODY = YES;
				CLANG_WARN_ENUM_CONVERSION = YES;
				CLANG_WARN_INFINITE_RECURSION = YES;
				CLANG_WARN_INT_CONVERSION = YES;
				CLANG_WARN_NON_LITERAL_NULL_CONVERSION = YES;
				CLANG_WARN_OBJC_IMPLICIT_RETAIN_SELF = YES;
				CLANG_WARN_OBJC_LITERAL_CONVERSION = YES;
				CLANG_WARN_OBJC_ROOT_CLASS = YES_ERROR;
				CLANG_WARN_QUOTED_INCLUDE_IN_FRAMEWORK_HEADER = YES;
				CLANG_WARN_RANGE_LOOP_ANALYSIS = YES;
				CLANG_WARN_STRICT_PROTOTYPES = YES;
				CLANG_WARN_SUSPICIOUS_MOVE = YES;
				CLANG_WARN_UNGUARDED_AVAILABILITY = YES_AGGRESSIVE;
				CLANG_WARN_UNREACHABLE_CODE = YES;
				CLANG_WARN__DUPLICATE_METHOD_MATCH = YES;
				COPY_PHASE_STRIP = NO;
				DEBUG_INFORMATION_FORMAT = "dwarf-with-dsym";
				ENABLE_NS_ASSERTIONS = NO;
				ENABLE_STRICT_OBJC_MSGSEND = YES;
				ENABLE_USER_SCRIPT_SANDBOXING = YES;
				GCC_C_LANGUAGE_STANDARD = gnu17;
				GCC_NO_COMMON_BLOCKS = YES;
				GCC_WARN_64_TO_32_BIT_CONVERSION = YES;
				GCC_WARN_ABOUT_RETURN_TYPE = YES_ERROR;
				GCC_WARN_UNDECLARED_SELECTOR = YES;
				GCC_WARN_UNINITIALIZED_AUTOS = YES_AGGRESSIVE;
				GCC_WARN_UNUSED_FUNCTION = YES;
				GCC_WARN_UNUSED_VARIABLE = YES;
				LOCALIZATION_PREFERS_STRING_CATALOGS = YES;
				MTL_ENABLE_DEBUG_INFO = NO;
				MTL_FAST_MATH = YES;
				SWIFT_COMPILATION_MODE = wholemodule;
			};
			name = Release;
		};
		A7BF72942BD13A0400ADB27E /* Debug */ = {
			isa = XCBuildConfiguration;
			buildSettings = {
				ASSETCATALOG_COMPILER_APPICON_NAME = AppIcon;
				ASSETCATALOG_COMPILER_GLOBAL_ACCENT_COLOR_NAME = AccentColor;
				CODE_SIGN_STYLE = Automatic;
				CURRENT_PROJECT_VERSION = 1;
				DEVELOPMENT_ASSET_PATHS = "\"pomodoroTimer Watch App/Preview Content\"";
				DEVELOPMENT_TEAM = F3Y5649G7F;
				ENABLE_PREVIEWS = YES;
				GENERATE_INFOPLIST_FILE = YES;
				INFOPLIST_KEY_CFBundleDisplayName = pomodoroTimer;
				INFOPLIST_KEY_UISupportedInterfaceOrientations = "UIInterfaceOrientationPortrait UIInterfaceOrientationPortraitUpsideDown";
				INFOPLIST_KEY_WKWatchOnly = YES;
				LD_RUNPATH_SEARCH_PATHS = (
					"$(inherited)",
					"@executable_path/Frameworks",
				);
				MARKETING_VERSION = 1.0;
				PRODUCT_BUNDLE_IDENTIFIER = ios.silvia.pomodoroTimer.watchkitapp;
				PRODUCT_NAME = "$(TARGET_NAME)";
				SDKROOT = watchos;
				SKIP_INSTALL = YES;
				SWIFT_EMIT_LOC_STRINGS = YES;
				SWIFT_VERSION = 5.0;
				TARGETED_DEVICE_FAMILY = 4;
				WATCHOS_DEPLOYMENT_TARGET = 10.4;
			};
			name = Debug;
		};
		A7BF72952BD13A0400ADB27E /* Release */ = {
			isa = XCBuildConfiguration;
			buildSettings = {
				ASSETCATALOG_COMPILER_APPICON_NAME = AppIcon;
				ASSETCATALOG_COMPILER_GLOBAL_ACCENT_COLOR_NAME = AccentColor;
				CODE_SIGN_STYLE = Automatic;
				CURRENT_PROJECT_VERSION = 1;
				DEVELOPMENT_ASSET_PATHS = "\"pomodoroTimer Watch App/Preview Content\"";
				DEVELOPMENT_TEAM = F3Y5649G7F;
				ENABLE_PREVIEWS = YES;
				GENERATE_INFOPLIST_FILE = YES;
				INFOPLIST_KEY_CFBundleDisplayName = pomodoroTimer;
				INFOPLIST_KEY_UISupportedInterfaceOrientations = "UIInterfaceOrientationPortrait UIInterfaceOrientationPortraitUpsideDown";
				INFOPLIST_KEY_WKWatchOnly = YES;
				LD_RUNPATH_SEARCH_PATHS = (
					"$(inherited)",
					"@executable_path/Frameworks",
				);
				MARKETING_VERSION = 1.0;
				PRODUCT_BUNDLE_IDENTIFIER = ios.silvia.pomodoroTimer.watchkitapp;
				PRODUCT_NAME = "$(TARGET_NAME)";
				SDKROOT = watchos;
				SKIP_INSTALL = YES;
				SWIFT_EMIT_LOC_STRINGS = YES;
				SWIFT_VERSION = 5.0;
				TARGETED_DEVICE_FAMILY = 4;
				VALIDATE_PRODUCT = YES;
				WATCHOS_DEPLOYMENT_TARGET = 10.4;
			};
			name = Release;
		};
		A7BF72982BD13A0400ADB27E /* Debug */ = {
			isa = XCBuildConfiguration;
			buildSettings = {
				ALWAYS_EMBED_SWIFT_STANDARD_LIBRARIES = YES;
				CODE_SIGN_STYLE = Automatic;
				CURRENT_PROJECT_VERSION = 1;
				DEVELOPMENT_TEAM = F3Y5649G7F;
				INFOPLIST_KEY_CFBundleDisplayName = pomodoroTimer;
				MARKETING_VERSION = 1.0;
				PRODUCT_BUNDLE_IDENTIFIER = ios.silvia.pomodoroTimer;
				PRODUCT_NAME = "$(TARGET_NAME)";
				SDKROOT = iphoneos;
				SWIFT_VERSION = 5.0;
			};
			name = Debug;
		};
		A7BF72992BD13A0400ADB27E /* Release */ = {
			isa = XCBuildConfiguration;
			buildSettings = {
				ALWAYS_EMBED_SWIFT_STANDARD_LIBRARIES = YES;
				CODE_SIGN_STYLE = Automatic;
				CURRENT_PROJECT_VERSION = 1;
				DEVELOPMENT_TEAM = F3Y5649G7F;
				INFOPLIST_KEY_CFBundleDisplayName = pomodoroTimer;
				MARKETING_VERSION = 1.0;
				PRODUCT_BUNDLE_IDENTIFIER = ios.silvia.pomodoroTimer;
				PRODUCT_NAME = "$(TARGET_NAME)";
				SDKROOT = iphoneos;
				SWIFT_VERSION = 5.0;
				VALIDATE_PRODUCT = YES;
			};
			name = Release;
		};
/* End XCBuildConfiguration section */

/* Begin XCConfigurationList section */
		A7BF727A2BD13A0100ADB27E /* Build configuration list for PBXProject "pomodoroTimer" */ = {
			isa = XCConfigurationList;
			buildConfigurations = (
				A7BF72912BD13A0400ADB27E /* Debug */,
				A7BF72922BD13A0400ADB27E /* Release */,
			);
			defaultConfigurationIsVisible = 0;
			defaultConfigurationName = Release;
		};
		A7BF72932BD13A0400ADB27E /* Build configuration list for PBXNativeTarget "pomodoroTimer Watch App" */ = {
			isa = XCConfigurationList;
			buildConfigurations = (
				A7BF72942BD13A0400ADB27E /* Debug */,
				A7BF72952BD13A0400ADB27E /* Release */,
			);
			defaultConfigurationIsVisible = 0;
			defaultConfigurationName = Release;
		};
		A7BF72972BD13A0400ADB27E /* Build configuration list for PBXNativeTarget "pomodoroTimer" */ = {
			isa = XCConfigurationList;
			buildConfigurations = (
				A7BF72982BD13A0400ADB27E /* Debug */,
				A7BF72992BD13A0400ADB27E /* Release */,
			);
			defaultConfigurationIsVisible = 0;
			defaultConfigurationName = Release;
		};
/* End XCConfigurationList section */
	};
	rootObject = A7BF72772BD13A0100ADB27E /* Project object */;
}
